
Microsoft Visual Studio Solution File, Format Version 12.00
# Visual Studio Version 16
VisualStudioVersion = 16.0.30907.101
MinimumVisualStudioVersion = 10.0.40219.1
Project("{FAE04EC0-301F-11D3-BF4B-00C04F79EFBC}") = "RegAndAuto", "RegAndAuto.csproj", "{DFBEAC45-072F-49CF-9D99-01654C0CB0C3}"
EndProject
Global
	GlobalSection(SolutionConfigurationPlatforms) = preSolution
		Debug|Any CPU = Debug|Any CPU
		Release|Any CPU = Release|Any CPU
	EndGlobalSection
	GlobalSection(ProjectConfigurationPlatforms) = postSolution
		{DFBEAC45-072F-49CF-9D99-01654C0CB0C3}.Debug|Any CPU.ActiveCfg = Debug|Any CPU
		{DFBEAC45-072F-49CF-9D99-01654C0CB0C3}.Debug|Any CPU.Build.0 = Debug|Any CPU
		{DFBEAC45-072F-49CF-9D99-01654C0CB0C3}.Release|Any CPU.ActiveCfg = Release|Any CPU
		{DFBEAC45-072F-49CF-9D99-01654C0CB0C3}.Release|Any CPU.Build.0 = Release|Any CPU
	EndGlobalSection
	GlobalSection(SolutionProperties) = preSolution
		HideSolutionNode = FALSE
	EndGlobalSection
	GlobalSection(ExtensibilityGlobals) = postSolution
		SolutionGuid = {3F5E4528-EFC4-4F15-A2E4-52EA71B4DC7B}
	EndGlobalSection
EndGlobal
